// !$*UTF8*$!
{
	archiveVersion = 1;
	classes = {
	};
	objectVersion = 56;
	objects = {

/* Begin PBXBuildFile section */
		425C82450E0DD81863E2348A /* Pods_testgithubaction.framework in Frameworks */ = {isa = PBXBuildFile; fileRef = 3BFB450C80BFEE8B8BF6A20A /* Pods_testgithubaction.framework */; };
		9AC3FA2F2DB0906000CDD061 /* AppDelegate.swift in Sources */ = {isa = PBXBuildFile; fileRef = 9AC3FA2E2DB0906000CDD061 /* AppDelegate.swift */; };
		9AC3FA312DB0906000CDD061 /* SceneDelegate.swift in Sources */ = {isa = PBXBuildFile; fileRef = 9AC3FA302DB0906000CDD061 /* SceneDelegate.swift */; };
		9AC3FA332DB0906000CDD061 /* ViewController.swift in Sources */ = {isa = PBXBuildFile; fileRef = 9AC3FA322DB0906000CDD061 /* ViewController.swift */; };
		9AC3FA362DB0906000CDD061 /* Main.storyboard in Resources */ = {isa = PBXBuildFile; fileRef = 9AC3FA342DB0906000CDD061 /* Main.storyboard */; };
		9AC3FA392DB0906000CDD061 /* testgithubaction.xcdatamodeld in Sources */ = {isa = PBXBuildFile; fileRef = 9AC3FA372DB0906000CDD061 /* testgithubaction.xcdatamodeld */; };
		9AC3FA3B2DB0906100CDD061 /* Assets.xcassets in Resources */ = {isa = PBXBuildFile; fileRef = 9AC3FA3A2DB0906100CDD061 /* Assets.xcassets */; };
		9AC3FA3E2DB0906100CDD061 /* LaunchScreen.storyboard in Resources */ = {isa = PBXBuildFile; fileRef = 9AC3FA3C2DB0906100CDD061 /* LaunchScreen.storyboard */; };
		9AC3FA492DB0906100CDD061 /* testgithubactionTests.swift in Sources */ = {isa = PBXBuildFile; fileRef = 9AC3FA482DB0906100CDD061 /* testgithubactionTests.swift */; };
		9AC3FA532DB0906200CDD061 /* testgithubactionUITests.swift in Sources */ = {isa = PBXBuildFile; fileRef = 9AC3FA522DB0906200CDD061 /* testgithubactionUITests.swift */; };
		9AC3FA552DB0906200CDD061 /* testgithubactionUITestsLaunchTests.swift in Sources */ = {isa = PBXBuildFile; fileRef = 9AC3FA542DB0906200CDD061 /* testgithubactionUITestsLaunchTests.swift */; };
		9AF14C5C2DB0C6AD00699AFB /* exportOptionsAdHoc.plist in Resources */ = {isa = PBXBuildFile; fileRef = 9AF14C5B2DB0C6AD00699AFB /* exportOptionsAdHoc.plist */; };
/* End PBXBuildFile section */

/* Begin PBXContainerItemProxy section */
		9AC3FA452DB0906100CDD061 /* PBXContainerItemProxy */ = {
			isa = PBXContainerItemProxy;
			containerPortal = 9AC3FA232DB0906000CDD061 /* Project object */;
			proxyType = 1;
			remoteGlobalIDString = 9AC3FA2A2DB0906000CDD061;
			remoteInfo = testgithubaction;
		};
		9AC3FA4F2DB0906200CDD061 /* PBXContainerItemProxy */ = {
			isa = PBXContainerItemProxy;
			containerPortal = 9AC3FA232DB0906000CDD061 /* Project object */;
			proxyType = 1;
			remoteGlobalIDString = 9AC3FA2A2DB0906000CDD061;
			remoteInfo = testgithubaction;
		};
/* End PBXContainerItemProxy section */

/* Begin PBXFileReference section */
		3BFB450C80BFEE8B8BF6A20A /* Pods_testgithubaction.framework */ = {isa = PBXFileReference; explicitFileType = wrapper.framework; includeInIndex = 0; path = Pods_testgithubaction.framework; sourceTree = BUILT_PRODUCTS_DIR; };
		9AC3FA2B2DB0906000CDD061 /* testgithubaction.app */ = {isa = PBXFileReference; explicitFileType = wrapper.application; includeInIndex = 0; path = testgithubaction.app; sourceTree = BUILT_PRODUCTS_DIR; };
		9AC3FA2E2DB0906000CDD061 /* AppDelegate.swift */ = {isa = PBXFileReference; lastKnownFileType = sourcecode.swift; path = AppDelegate.swift; sourceTree = "<group>"; };
		9AC3FA302DB0906000CDD061 /* SceneDelegate.swift */ = {isa = PBXFileReference; lastKnownFileType = sourcecode.swift; path = SceneDelegate.swift; sourceTree = "<group>"; };
		9AC3FA322DB0906000CDD061 /* ViewController.swift */ = {isa = PBXFileReference; lastKnownFileType = sourcecode.swift; path = ViewController.swift; sourceTree = "<group>"; };
		9AC3FA352DB0906000CDD061 /* Base */ = {isa = PBXFileReference; lastKnownFileType = file.storyboard; name = Base; path = Base.lproj/Main.storyboard; sourceTree = "<group>"; };
		9AC3FA382DB0906000CDD061 /* testgithubaction.xcdatamodel */ = {isa = PBXFileReference; lastKnownFileType = wrapper.xcdatamodel; path = testgithubaction.xcdatamodel; sourceTree = "<group>"; };
		9AC3FA3A2DB0906100CDD061 /* Assets.xcassets */ = {isa = PBXFileReference; lastKnownFileType = folder.assetcatalog; path = Assets.xcassets; sourceTree = "<group>"; };
		9AC3FA3D2DB0906100CDD061 /* Base */ = {isa = PBXFileReference; lastKnownFileType = file.storyboard; name = Base; path = Base.lproj/LaunchScreen.storyboard; sourceTree = "<group>"; };
		9AC3FA3F2DB0906100CDD061 /* Info.plist */ = {isa = PBXFileReference; lastKnownFileType = text.plist.xml; path = Info.plist; sourceTree = "<group>"; };
		9AC3FA442DB0906100CDD061 /* testgithubactionTests.xctest */ = {isa = PBXFileReference; explicitFileType = wrapper.cfbundle; includeInIndex = 0; path = testgithubactionTests.xctest; sourceTree = BUILT_PRODUCTS_DIR; };
		9AC3FA482DB0906100CDD061 /* testgithubactionTests.swift */ = {isa = PBXFileReference; lastKnownFileType = sourcecode.swift; path = testgithubactionTests.swift; sourceTree = "<group>"; };
		9AC3FA4E2DB0906200CDD061 /* testgithubactionUITests.xctest */ = {isa = PBXFileReference; explicitFileType = wrapper.cfbundle; includeInIndex = 0; path = testgithubactionUITests.xctest; sourceTree = BUILT_PRODUCTS_DIR; };
		9AC3FA522DB0906200CDD061 /* testgithubactionUITests.swift */ = {isa = PBXFileReference; lastKnownFileType = sourcecode.swift; path = testgithubactionUITests.swift; sourceTree = "<group>"; };
		9AC3FA542DB0906200CDD061 /* testgithubactionUITestsLaunchTests.swift */ = {isa = PBXFileReference; lastKnownFileType = sourcecode.swift; path = testgithubactionUITestsLaunchTests.swift; sourceTree = "<group>"; };
		9AF14C5B2DB0C6AD00699AFB /* exportOptionsAdHoc.plist */ = {isa = PBXFileReference; fileEncoding = 4; lastKnownFileType = text.plist.xml; path = exportOptionsAdHoc.plist; sourceTree = "<group>"; };
		C5D477290C688132DF8BF0DE /* Pods-testgithubaction.debug.xcconfig */ = {isa = PBXFileReference; includeInIndex = 1; lastKnownFileType = text.xcconfig; name = "Pods-testgithubaction.debug.xcconfig"; path = "Target Support Files/Pods-testgithubaction/Pods-testgithubaction.debug.xcconfig"; sourceTree = "<group>"; };
		F8E3533A7A273E68EF8347F8 /* Pods-testgithubaction.release.xcconfig */ = {isa = PBXFileReference; includeInIndex = 1; lastKnownFileType = text.xcconfig; name = "Pods-testgithubaction.release.xcconfig"; path = "Target Support Files/Pods-testgithubaction/Pods-testgithubaction.release.xcconfig"; sourceTree = "<group>"; };
/* End PBXFileReference section */

/* Begin PBXFrameworksBuildPhase section */
		9AC3FA282DB0906000CDD061 /* Frameworks */ = {
			isa = PBXFrameworksBuildPhase;
			buildActionMask = 2147483647;
			files = (
				425C82450E0DD81863E2348A /* Pods_testgithubaction.framework in Frameworks */,
			);
			runOnlyForDeploymentPostprocessing = 0;
		};
		9AC3FA412DB0906100CDD061 /* Frameworks */ = {
			isa = PBXFrameworksBuildPhase;
			buildActionMask = 2147483647;
			files = (
			);
			runOnlyForDeploymentPostprocessing = 0;
		};
		9AC3FA4B2DB0906200CDD061 /* Frameworks */ = {
			isa = PBXFrameworksBuildPhase;
			buildActionMask = 2147483647;
			files = (
			);
			runOnlyForDeploymentPostprocessing = 0;
		};
/* End PBXFrameworksBuildPhase section */

/* Begin PBXGroup section */
		16B57AEB79947DC1BD85029F /* Pods */ = {
			isa = PBXGroup;
			children = (
				C5D477290C688132DF8BF0DE /* Pods-testgithubaction.debug.xcconfig */,
				F8E3533A7A273E68EF8347F8 /* Pods-testgithubaction.release.xcconfig */,
			);
			path = Pods;
			sourceTree = "<group>";
		};
		9AC3FA222DB0906000CDD061 = {
			isa = PBXGroup;
			children = (
				9AF14C5B2DB0C6AD00699AFB /* exportOptionsAdHoc.plist */,
				9AC3FA2D2DB0906000CDD061 /* testgithubaction */,
				9AC3FA472DB0906100CDD061 /* testgithubactionTests */,
				9AC3FA512DB0906200CDD061 /* testgithubactionUITests */,
				9AC3FA2C2DB0906000CDD061 /* Products */,
				16B57AEB79947DC1BD85029F /* Pods */,
				FABBF1384659AEDDF3EB20D0 /* Frameworks */,
			);
			sourceTree = "<group>";
		};
		9AC3FA2C2DB0906000CDD061 /* Products */ = {
			isa = PBXGroup;
			children = (
				9AC3FA2B2DB0906000CDD061 /* testgithubaction.app */,
				9AC3FA442DB0906100CDD061 /* testgithubactionTests.xctest */,
				9AC3FA4E2DB0906200CDD061 /* testgithubactionUITests.xctest */,
			);
			name = Products;
			sourceTree = "<group>";
		};
		9AC3FA2D2DB0906000CDD061 /* testgithubaction */ = {
			isa = PBXGroup;
			children = (
				9AC3FA2E2DB0906000CDD061 /* AppDelegate.swift */,
				9AC3FA302DB0906000CDD061 /* SceneDelegate.swift */,
				9AC3FA322DB0906000CDD061 /* ViewController.swift */,
				9AC3FA342DB0906000CDD061 /* Main.storyboard */,
				9AC3FA3A2DB0906100CDD061 /* Assets.xcassets */,
				9AC3FA3C2DB0906100CDD061 /* LaunchScreen.storyboard */,
				9AC3FA3F2DB0906100CDD061 /* Info.plist */,
				9AC3FA372DB0906000CDD061 /* testgithubaction.xcdatamodeld */,
			);
			path = testgithubaction;
			sourceTree = "<group>";
		};
		9AC3FA472DB0906100CDD061 /* testgithubactionTests */ = {
			isa = PBXGroup;
			children = (
				9AC3FA482DB0906100CDD061 /* testgithubactionTests.swift */,
			);
			path = testgithubactionTests;
			sourceTree = "<group>";
		};
		9AC3FA512DB0906200CDD061 /* testgithubactionUITests */ = {
			isa = PBXGroup;
			children = (
				9AC3FA522DB0906200CDD061 /* testgithubactionUITests.swift */,
				9AC3FA542DB0906200CDD061 /* testgithubactionUITestsLaunchTests.swift */,
			);
			path = testgithubactionUITests;
			sourceTree = "<group>";
		};
		FABBF1384659AEDDF3EB20D0 /* Frameworks */ = {
			isa = PBXGroup;
			children = (
				3BFB450C80BFEE8B8BF6A20A /* Pods_testgithubaction.framework */,
			);
			name = Frameworks;
			sourceTree = "<group>";
		};
/* End PBXGroup section */

/* Begin PBXNativeTarget section */
		9AC3FA2A2DB0906000CDD061 /* testgithubaction */ = {
			isa = PBXNativeTarget;
			buildConfigurationList = 9AC3FA582DB0906200CDD061 /* Build configuration list for PBXNativeTarget "testgithubaction" */;
			buildPhases = (
				50AC3FCC588232018A21B875 /* [CP] Check Pods Manifest.lock */,
				9AC3FA272DB0906000CDD061 /* Sources */,
				9AC3FA282DB0906000CDD061 /* Frameworks */,
				9AC3FA292DB0906000CDD061 /* Resources */,
				383E7AA2816AA70CE54134CE /* [CP] Embed Pods Frameworks */,
				FAF8887B22C9738BBE4BE39D /* [CP] Copy Pods Resources */,
			);
			buildRules = (
			);
			dependencies = (
			);
			name = testgithubaction;
			productName = testgithubaction;
			productReference = 9AC3FA2B2DB0906000CDD061 /* testgithubaction.app */;
			productType = "com.apple.product-type.application";
		};
		9AC3FA432DB0906100CDD061 /* testgithubactionTests */ = {
			isa = PBXNativeTarget;
			buildConfigurationList = 9AC3FA5B2DB0906200CDD061 /* Build configuration list for PBXNativeTarget "testgithubactionTests" */;
			buildPhases = (
				9AC3FA402DB0906100CDD061 /* Sources */,
				9AC3FA412DB0906100CDD061 /* Frameworks */,
				9AC3FA422DB0906100CDD061 /* Resources */,
			);
			buildRules = (
			);
			dependencies = (
				9AC3FA462DB0906100CDD061 /* PBXTargetDependency */,
			);
			name = testgithubactionTests;
			productName = testgithubactionTests;
			productReference = 9AC3FA442DB0906100CDD061 /* testgithubactionTests.xctest */;
			productType = "com.apple.product-type.bundle.unit-test";
		};
		9AC3FA4D2DB0906200CDD061 /* testgithubactionUITests */ = {
			isa = PBXNativeTarget;
			buildConfigurationList = 9AC3FA5E2DB0906200CDD061 /* Build configuration list for PBXNativeTarget "testgithubactionUITests" */;
			buildPhases = (
				9AC3FA4A2DB0906200CDD061 /* Sources */,
				9AC3FA4B2DB0906200CDD061 /* Frameworks */,
				9AC3FA4C2DB0906200CDD061 /* Resources */,
			);
			buildRules = (
			);
			dependencies = (
				9AC3FA502DB0906200CDD061 /* PBXTargetDependency */,
			);
			name = testgithubactionUITests;
			productName = testgithubactionUITests;
			productReference = 9AC3FA4E2DB0906200CDD061 /* testgithubactionUITests.xctest */;
			productType = "com.apple.product-type.bundle.ui-testing";
		};
/* End PBXNativeTarget section */

/* Begin PBXProject section */
		9AC3FA232DB0906000CDD061 /* Project object */ = {
			isa = PBXProject;
			attributes = {
				BuildIndependentTargetsInParallel = 1;
				LastSwiftUpdateCheck = 1520;
				LastUpgradeCheck = 1520;
				TargetAttributes = {
					9AC3FA2A2DB0906000CDD061 = {
						CreatedOnToolsVersion = 15.2;
					};
					9AC3FA432DB0906100CDD061 = {
						CreatedOnToolsVersion = 15.2;
						TestTargetID = 9AC3FA2A2DB0906000CDD061;
					};
					9AC3FA4D2DB0906200CDD061 = {
						CreatedOnToolsVersion = 15.2;
						TestTargetID = 9AC3FA2A2DB0906000CDD061;
					};
				};
			};
			buildConfigurationList = 9AC3FA262DB0906000CDD061 /* Build configuration list for PBXProject "testgithubaction" */;
			compatibilityVersion = "Xcode 14.0";
			developmentRegion = en;
			hasScannedForEncodings = 0;
			knownRegions = (
				en,
				Base,
			);
			mainGroup = 9AC3FA222DB0906000CDD061;
			productRefGroup = 9AC3FA2C2DB0906000CDD061 /* Products */;
			projectDirPath = "";
			projectRoot = "";
			targets = (
				9AC3FA2A2DB0906000CDD061 /* testgithubaction */,
				9AC3FA432DB0906100CDD061 /* testgithubactionTests */,
				9AC3FA4D2DB0906200CDD061 /* testgithubactionUITests */,
			);
		};
/* End PBXProject section */

/* Begin PBXResourcesBuildPhase section */
		9AC3FA292DB0906000CDD061 /* Resources */ = {
			isa = PBXResourcesBuildPhase;
			buildActionMask = 2147483647;
			files = (
				9AC3FA3E2DB0906100CDD061 /* LaunchScreen.storyboard in Resources */,
				9AC3FA3B2DB0906100CDD061 /* Assets.xcassets in Resources */,
				9AC3FA362DB0906000CDD061 /* Main.storyboard in Resources */,
				9AF14C5C2DB0C6AD00699AFB /* exportOptionsAdHoc.plist in Resources */,
			);
			runOnlyForDeploymentPostprocessing = 0;
		};
		9AC3FA422DB0906100CDD061 /* Resources */ = {
			isa = PBXResourcesBuildPhase;
			buildActionMask = 2147483647;
			files = (
			);
			runOnlyForDeploymentPostprocessing = 0;
		};
		9AC3FA4C2DB0906200CDD061 /* Resources */ = {
			isa = PBXResourcesBuildPhase;
			buildActionMask = 2147483647;
			files = (
			);
			runOnlyForDeploymentPostprocessing = 0;
		};
/* End PBXResourcesBuildPhase section */

/* Begin PBXShellScriptBuildPhase section */
		383E7AA2816AA70CE54134CE /* [CP] Embed Pods Frameworks */ = {
			isa = PBXShellScriptBuildPhase;
			buildActionMask = 2147483647;
			files = (
			);
			inputFileListPaths = (
				"${PODS_ROOT}/Target Support Files/Pods-testgithubaction/Pods-testgithubaction-frameworks-${CONFIGURATION}-input-files.xcfilelist",
			);
			name = "[CP] Embed Pods Frameworks";
			outputFileListPaths = (
				"${PODS_ROOT}/Target Support Files/Pods-testgithubaction/Pods-testgithubaction-frameworks-${CONFIGURATION}-output-files.xcfilelist",
			);
			runOnlyForDeploymentPostprocessing = 0;
			shellPath = /bin/sh;
			shellScript = "\"${PODS_ROOT}/Target Support Files/Pods-testgithubaction/Pods-testgithubaction-frameworks.sh\"\n";
			showEnvVarsInLog = 0;
		};
		50AC3FCC588232018A21B875 /* [CP] Check Pods Manifest.lock */ = {
			isa = PBXShellScriptBuildPhase;
			buildActionMask = 2147483647;
			files = (
			);
			inputFileListPaths = (
			);
			inputPaths = (
				"${PODS_PODFILE_DIR_PATH}/Podfile.lock",
				"${PODS_ROOT}/Manifest.lock",
			);
			name = "[CP] Check Pods Manifest.lock";
			outputFileListPaths = (
			);
			outputPaths = (
				"$(DERIVED_FILE_DIR)/Pods-testgithubaction-checkManifestLockResult.txt",
			);
			runOnlyForDeploymentPostprocessing = 0;
			shellPath = /bin/sh;
			shellScript = "diff \"${PODS_PODFILE_DIR_PATH}/Podfile.lock\" \"${PODS_ROOT}/Manifest.lock\" > /dev/null\nif [ $? != 0 ] ; then\n    # print error to STDERR\n    echo \"error: The sandbox is not in sync with the Podfile.lock. Run 'pod install' or update your CocoaPods installation.\" >&2\n    exit 1\nfi\n# This output is used by Xcode 'outputs' to avoid re-running this script phase.\necho \"SUCCESS\" > \"${SCRIPT_OUTPUT_FILE_0}\"\n";
			showEnvVarsInLog = 0;
		};
		FAF8887B22C9738BBE4BE39D /* [CP] Copy Pods Resources */ = {
			isa = PBXShellScriptBuildPhase;
			buildActionMask = 2147483647;
			files = (
			);
			inputFileListPaths = (
				"${PODS_ROOT}/Target Support Files/Pods-testgithubaction/Pods-testgithubaction-resources-${CONFIGURATION}-input-files.xcfilelist",
			);
			name = "[CP] Copy Pods Resources";
			outputFileListPaths = (
				"${PODS_ROOT}/Target Support Files/Pods-testgithubaction/Pods-testgithubaction-resources-${CONFIGURATION}-output-files.xcfilelist",
			);
			runOnlyForDeploymentPostprocessing = 0;
			shellPath = /bin/sh;
			shellScript = "\"${PODS_ROOT}/Target Support Files/Pods-testgithubaction/Pods-testgithubaction-resources.sh\"\n";
			showEnvVarsInLog = 0;
		};
/* End PBXShellScriptBuildPhase section */

/* Begin PBXSourcesBuildPhase section */
		9AC3FA272DB0906000CDD061 /* Sources */ = {
			isa = PBXSourcesBuildPhase;
			buildActionMask = 2147483647;
			files = (
				9AC3FA332DB0906000CDD061 /* ViewController.swift in Sources */,
				9AC3FA2F2DB0906000CDD061 /* AppDelegate.swift in Sources */,
				9AC3FA392DB0906000CDD061 /* testgithubaction.xcdatamodeld in Sources */,
				9AC3FA312DB0906000CDD061 /* SceneDelegate.swift in Sources */,
			);
			runOnlyForDeploymentPostprocessing = 0;
		};
		9AC3FA402DB0906100CDD061 /* Sources */ = {
			isa = PBXSourcesBuildPhase;
			buildActionMask = 2147483647;
			files = (
				9AC3FA492DB0906100CDD061 /* testgithubactionTests.swift in Sources */,
			);
			runOnlyForDeploymentPostprocessing = 0;
		};
		9AC3FA4A2DB0906200CDD061 /* Sources */ = {
			isa = PBXSourcesBuildPhase;
			buildActionMask = 2147483647;
			files = (
				9AC3FA532DB0906200CDD061 /* testgithubactionUITests.swift in Sources */,
				9AC3FA552DB0906200CDD061 /* testgithubactionUITestsLaunchTests.swift in Sources */,
			);
			runOnlyForDeploymentPostprocessing = 0;
		};
/* End PBXSourcesBuildPhase section */

/* Begin PBXTargetDependency section */
		9AC3FA462DB0906100CDD061 /* PBXTargetDependency */ = {
			isa = PBXTargetDependency;
			target = 9AC3FA2A2DB0906000CDD061 /* testgithubaction */;
			targetProxy = 9AC3FA452DB0906100CDD061 /* PBXContainerItemProxy */;
		};
		9AC3FA502DB0906200CDD061 /* PBXTargetDependency */ = {
			isa = PBXTargetDependency;
			target = 9AC3FA2A2DB0906000CDD061 /* testgithubaction */;
			targetProxy = 9AC3FA4F2DB0906200CDD061 /* PBXContainerItemProxy */;
		};
/* End PBXTargetDependency section */

/* Begin PBXVariantGroup section */
		9AC3FA342DB0906000CDD061 /* Main.storyboard */ = {
			isa = PBXVariantGroup;
			children = (
				9AC3FA352DB0906000CDD061 /* Base */,
			);
			name = Main.storyboard;
			sourceTree = "<group>";
		};
		9AC3FA3C2DB0906100CDD061 /* LaunchScreen.storyboard */ = {
			isa = PBXVariantGroup;
			children = (
				9AC3FA3D2DB0906100CDD061 /* Base */,
			);
			name = LaunchScreen.storyboard;
			sourceTree = "<group>";
		};
/* End PBXVariantGroup section */

/* Begin XCBuildConfiguration section */
		9AC3FA562DB0906200CDD061 /* Debug */ = {
			isa = XCBuildConfiguration;
			buildSettings = {
				ALWAYS_SEARCH_USER_PATHS = NO;
				ASSETCATALOG_COMPILER_GENERATE_SWIFT_ASSET_SYMBOL_EXTENSIONS = YES;
				CLANG_ANALYZER_NONNULL = YES;
				CLANG_ANALYZER_NUMBER_OBJECT_CONVERSION = YES_AGGRESSIVE;
				CLANG_CXX_LANGUAGE_STANDARD = "gnu++20";
				CLANG_ENABLE_MODULES = YES;
				CLANG_ENABLE_OBJC_ARC = YES;
				CLANG_ENABLE_OBJC_WEAK = YES;
				CLANG_WARN_BLOCK_CAPTURE_AUTORELEASING = YES;
				CLANG_WARN_BOOL_CONVERSION = YES;
				CLANG_WARN_COMMA = YES;
				CLANG_WARN_CONSTANT_CONVERSION = YES;
				CLANG_WARN_DEPRECATED_OBJC_IMPLEMENTATIONS = YES;
				CLANG_WARN_DIRECT_OBJC_ISA_USAGE = YES_ERROR;
				CLANG_WARN_DOCUMENTATION_COMMENTS = YES;
				CLANG_WARN_EMPTY_BODY = YES;
				CLANG_WARN_ENUM_CONVERSION = YES;
				CLANG_WARN_INFINITE_RECURSION = YES;
				CLANG_WARN_INT_CONVERSION = YES;
				CLANG_WARN_NON_LITERAL_NULL_CONVERSION = YES;
				CLANG_WARN_OBJC_IMPLICIT_RETAIN_SELF = YES;
				CLANG_WARN_OBJC_LITERAL_CONVERSION = YES;
				CLANG_WARN_OBJC_ROOT_CLASS = YES_ERROR;
				CLANG_WARN_QUOTED_INCLUDE_IN_FRAMEWORK_HEADER = YES;
				CLANG_WARN_RANGE_LOOP_ANALYSIS = YES;
				CLANG_WARN_STRICT_PROTOTYPES = YES;
				CLANG_WARN_SUSPICIOUS_MOVE = YES;
				CLANG_WARN_UNGUARDED_AVAILABILITY = YES_AGGRESSIVE;
				CLANG_WARN_UNREACHABLE_CODE = YES;
				CLANG_WARN__DUPLICATE_METHOD_MATCH = YES;
				COPY_PHASE_STRIP = NO;
				DEBUG_INFORMATION_FORMAT = dwarf;
				ENABLE_STRICT_OBJC_MSGSEND = YES;
				ENABLE_TESTABILITY = YES;
				ENABLE_USER_SCRIPT_SANDBOXING = YES;
				GCC_C_LANGUAGE_STANDARD = gnu17;
				GCC_DYNAMIC_NO_PIC = NO;
				GCC_NO_COMMON_BLOCKS = YES;
				GCC_OPTIMIZATION_LEVEL = 0;
				GCC_PREPROCESSOR_DEFINITIONS = (
					"DEBUG=1",
					"$(inherited)",
				);
				GCC_WARN_64_TO_32_BIT_CONVERSION = YES;
				GCC_WARN_ABOUT_RETURN_TYPE = YES_ERROR;
				GCC_WARN_UNDECLARED_SELECTOR = YES;
				GCC_WARN_UNINITIALIZED_AUTOS = YES_AGGRESSIVE;
				GCC_WARN_UNUSED_FUNCTION = YES;
				GCC_WARN_UNUSED_VARIABLE = YES;
				IPHONEOS_DEPLOYMENT_TARGET = 17.2;
				LOCALIZATION_PREFERS_STRING_CATALOGS = YES;
				MTL_ENABLE_DEBUG_INFO = INCLUDE_SOURCE;
				MTL_FAST_MATH = YES;
				ONLY_ACTIVE_ARCH = YES;
				SDKROOT = iphoneos;
				SWIFT_ACTIVE_COMPILATION_CONDITIONS = "DEBUG $(inherited)";
				SWIFT_OPTIMIZATION_LEVEL = "-Onone";
			};
			name = Debug;
		};
		9AC3FA572DB0906200CDD061 /* Release */ = {
			isa = XCBuildConfiguration;
			buildSettings = {
				ALWAYS_SEARCH_USER_PATHS = NO;
				ASSETCATALOG_COMPILER_GENERATE_SWIFT_ASSET_SYMBOL_EXTENSIONS = YES;
				CLANG_ANALYZER_NONNULL = YES;
				CLANG_ANALYZER_NUMBER_OBJECT_CONVERSION = YES_AGGRESSIVE;
				CLANG_CXX_LANGUAGE_STANDARD = "gnu++20";
				CLANG_ENABLE_MODULES = YES;
				CLANG_ENABLE_OBJC_ARC = YES;
				CLANG_ENABLE_OBJC_WEAK = YES;
				CLANG_WARN_BLOCK_CAPTURE_AUTORELEASING = YES;
				CLANG_WARN_BOOL_CONVERSION = YES;
				CLANG_WARN_COMMA = YES;
				CLANG_WARN_CONSTANT_CONVERSION = YES;
				CLANG_WARN_DEPRECATED_OBJC_IMPLEMENTATIONS = YES;
				CLANG_WARN_DIRECT_OBJC_ISA_USAGE = YES_ERROR;
				CLANG_WARN_DOCUMENTATION_COMMENTS = YES;
				CLANG_WARN_EMPTY_BODY = YES;
				CLANG_WARN_ENUM_CONVERSION = YES;
				CLANG_WARN_INFINITE_RECURSION = YES;
				CLANG_WARN_INT_CONVERSION = YES;
				CLANG_WARN_NON_LITERAL_NULL_CONVERSION = YES;
				CLANG_WARN_OBJC_IMPLICIT_RETAIN_SELF = YES;
				CLANG_WARN_OBJC_LITERAL_CONVERSION = YES;
				CLANG_WARN_OBJC_ROOT_CLASS = YES_ERROR;
				CLANG_WARN_QUOTED_INCLUDE_IN_FRAMEWORK_HEADER = YES;
				CLANG_WARN_RANGE_LOOP_ANALYSIS = YES;
				CLANG_WARN_STRICT_PROTOTYPES = YES;
				CLANG_WARN_SUSPICIOUS_MOVE = YES;
				CLANG_WARN_UNGUARDED_AVAILABILITY = YES_AGGRESSIVE;
				CLANG_WARN_UNREACHABLE_CODE = YES;
				CLANG_WARN__DUPLICATE_METHOD_MATCH = YES;
				COPY_PHASE_STRIP = NO;
				DEBUG_INFORMATION_FORMAT = "dwarf-with-dsym";
				ENABLE_NS_ASSERTIONS = NO;
				ENABLE_STRICT_OBJC_MSGSEND = YES;
				ENABLE_USER_SCRIPT_SANDBOXING = YES;
				GCC_C_LANGUAGE_STANDARD = gnu17;
				GCC_NO_COMMON_BLOCKS = YES;
				GCC_WARN_64_TO_32_BIT_CONVERSION = YES;
				GCC_WARN_ABOUT_RETURN_TYPE = YES_ERROR;
				GCC_WARN_UNDECLARED_SELECTOR = YES;
				GCC_WARN_UNINITIALIZED_AUTOS = YES_AGGRESSIVE;
				GCC_WARN_UNUSED_FUNCTION = YES;
				GCC_WARN_UNUSED_VARIABLE = YES;
				IPHONEOS_DEPLOYMENT_TARGET = 17.2;
				LOCALIZATION_PREFERS_STRING_CATALOGS = YES;
				MTL_ENABLE_DEBUG_INFO = NO;
				MTL_FAST_MATH = YES;
				SDKROOT = iphoneos;
				SWIFT_COMPILATION_MODE = wholemodule;
				VALIDATE_PRODUCT = YES;
			};
			name = Release;
		};
		9AC3FA592DB0906200CDD061 /* Debug */ = {
			isa = XCBuildConfiguration;
			baseConfigurationReference = C5D477290C688132DF8BF0DE /* Pods-testgithubaction.debug.xcconfig */;
			buildSettings = {
				ASSETCATALOG_COMPILER_APPICON_NAME = AppIcon;
				ASSETCATALOG_COMPILER_GLOBAL_ACCENT_COLOR_NAME = AccentColor;
				"CODE_SIGN_IDENTITY[sdk=iphoneos*]" = "iPhone Distribution";
				CODE_SIGN_STYLE = Manual;
				CURRENT_PROJECT_VERSION = 1;
				DEVELOPMENT_TEAM = "";
				"DEVELOPMENT_TEAM[sdk=iphoneos*]" = 27HW9K4T64;
				ENABLE_USER_SCRIPT_SANDBOXING = NO;
				GENERATE_INFOPLIST_FILE = YES;
				INFOPLIST_FILE = testgithubaction/Info.plist;
				INFOPLIST_KEY_UIApplicationSupportsIndirectInputEvents = YES;
				INFOPLIST_KEY_UILaunchStoryboardName = LaunchScreen;
				INFOPLIST_KEY_UIMainStoryboardFile = Main;
				INFOPLIST_KEY_UISupportedInterfaceOrientations = UIInterfaceOrientationPortrait;
				IPHONEOS_DEPLOYMENT_TARGET = 13.0;
				LD_RUNPATH_SEARCH_PATHS = (
					"$(inherited)",
					"@executable_path/Frameworks",
				);
				MARKETING_VERSION = 1.0;
				PRODUCT_BUNDLE_IDENTIFIER = com.speedman.go;
				PRODUCT_NAME = "$(TARGET_NAME)";
				PROVISIONING_PROFILE_SPECIFIER = "";
				"PROVISIONING_PROFILE_SPECIFIER[sdk=iphoneos*]" = ProvisioningProfileSpeedMan_AdHoc;
				SUPPORTED_PLATFORMS = "iphoneos iphonesimulator";
				SUPPORTS_MACCATALYST = NO;
				SUPPORTS_MAC_DESIGNED_FOR_IPHONE_IPAD = NO;
				SUPPORTS_XR_DESIGNED_FOR_IPHONE_IPAD = NO;
				SWIFT_EMIT_LOC_STRINGS = YES;
				SWIFT_VERSION = 5.0;
				TARGETED_DEVICE_FAMILY = 1;
			};
			name = Debug;
		};
		9AC3FA5A2DB0906200CDD061 /* Release */ = {
			isa = XCBuildConfiguration;
			baseConfigurationReference = F8E3533A7A273E68EF8347F8 /* Pods-testgithubaction.release.xcconfig */;
			buildSettings = {
				ASSETCATALOG_COMPILER_APPICON_NAME = AppIcon;
				ASSETCATALOG_COMPILER_GLOBAL_ACCENT_COLOR_NAME = AccentColor;
				"CODE_SIGN_IDENTITY[sdk=iphoneos*]" = "iPhone Distribution";
				CODE_SIGN_STYLE = Manual;
				CURRENT_PROJECT_VERSION = 1;
				DEBUG_INFORMATION_FORMAT = dwarf;
				DEVELOPMENT_TEAM = "";
				"DEVELOPMENT_TEAM[sdk=iphoneos*]" = 27HW9K4T64;
				ENABLE_USER_SCRIPT_SANDBOXING = NO;
				GENERATE_INFOPLIST_FILE = YES;
				INFOPLIST_FILE = testgithubaction/Info.plist;
				INFOPLIST_KEY_UIApplicationSupportsIndirectInputEvents = YES;
				INFOPLIST_KEY_UILaunchStoryboardName = LaunchScreen;
				INFOPLIST_KEY_UIMainStoryboardFile = Main;
				INFOPLIST_KEY_UISupportedInterfaceOrientations = UIInterfaceOrientationPortrait;
				IPHONEOS_DEPLOYMENT_TARGET = 13.0;
				LD_RUNPATH_SEARCH_PATHS = (
					"$(inherited)",
					"@executable_path/Frameworks",
				);
				MARKETING_VERSION = 1.0;
				PRODUCT_BUNDLE_IDENTIFIER = com.speedman.go;
				PRODUCT_NAME = "$(TARGET_NAME)";
				PROVISIONING_PROFILE_SPECIFIER = "";
				"PROVISIONING_PROFILE_SPECIFIER[sdk=iphoneos*]" = ProvisioningProfileSpeedMan_AdHoc;
				SUPPORTED_PLATFORMS = "iphoneos iphonesimulator";
				SUPPORTS_MACCATALYST = NO;
				SUPPORTS_MAC_DESIGNED_FOR_IPHONE_IPAD = NO;
				SUPPORTS_XR_DESIGNED_FOR_IPHONE_IPAD = NO;
				SWIFT_EMIT_LOC_STRINGS = YES;
				SWIFT_VERSION = 5.0;
				TARGETED_DEVICE_FAMILY = 1;
			};
			name = Release;
		};
		9AC3FA5C2DB0906200CDD061 /* Debug */ = {
			isa = XCBuildConfiguration;
			buildSettings = {
				ALWAYS_EMBED_SWIFT_STANDARD_LIBRARIES = YES;
				BUNDLE_LOADER = "$(TEST_HOST)";
				CODE_SIGN_STYLE = Automatic;
				CURRENT_PROJECT_VERSION = 1;
				DEVELOPMENT_TEAM = DDGNDSD6WU;
				GENERATE_INFOPLIST_FILE = YES;
				IPHONEOS_DEPLOYMENT_TARGET = 17.2;
				MARKETING_VERSION = 1.0;
				PRODUCT_BUNDLE_IDENTIFIER = com.speedman.go.testgithubactionTests;
				PRODUCT_NAME = "$(TARGET_NAME)";
				SWIFT_EMIT_LOC_STRINGS = NO;
				SWIFT_VERSION = 5.0;
				TARGETED_DEVICE_FAMILY = "1,2";
				TEST_HOST = "$(BUILT_PRODUCTS_DIR)/testgithubaction.app/$(BUNDLE_EXECUTABLE_FOLDER_PATH)/testgithubaction";
			};
			name = Debug;
		};
		9AC3FA5D2DB0906200CDD061 /* Release */ = {
			isa = XCBuildConfiguration;
			buildSettings = {
				ALWAYS_EMBED_SWIFT_STANDARD_LIBRARIES = YES;
				BUNDLE_LOADER = "$(TEST_HOST)";
				CODE_SIGN_STYLE = Automatic;
				CURRENT_PROJECT_VERSION = 1;
				DEVELOPMENT_TEAM = DDGNDSD6WU;
				GENERATE_INFOPLIST_FILE = YES;
				IPHONEOS_DEPLOYMENT_TARGET = 17.2;
				MARKETING_VERSION = 1.0;
				PRODUCT_BUNDLE_IDENTIFIER = com.speedman.go.testgithubactionTests;
				PRODUCT_NAME = "$(TARGET_NAME)";
				SWIFT_EMIT_LOC_STRINGS = NO;
				SWIFT_VERSION = 5.0;
				TARGETED_DEVICE_FAMILY = "1,2";
				TEST_HOST = "$(BUILT_PRODUCTS_DIR)/testgithubaction.app/$(BUNDLE_EXECUTABLE_FOLDER_PATH)/testgithubaction";
			};
			name = Release;
		};
		9AC3FA5F2DB0906200CDD061 /* Debug */ = {
			isa = XCBuildConfiguration;
			buildSettings = {
				ALWAYS_EMBED_SWIFT_STANDARD_LIBRARIES = YES;
				CODE_SIGN_STYLE = Automatic;
				CURRENT_PROJECT_VERSION = 1;
				DEVELOPMENT_TEAM = DDGNDSD6WU;
				GENERATE_INFOPLIST_FILE = YES;
				MARKETING_VERSION = 1.0;
				PRODUCT_BUNDLE_IDENTIFIER = com.speedman.go.testgithubactionUITests;
				PRODUCT_NAME = "$(TARGET_NAME)";
				SWIFT_EMIT_LOC_STRINGS = NO;
				SWIFT_VERSION = 5.0;
				TARGETED_DEVICE_FAMILY = "1,2";
				TEST_TARGET_NAME = testgithubaction;
			};
			name = Debug;
		};
		9AC3FA602DB0906200CDD061 /* Release */ = {
			isa = XCBuildConfiguration;
			buildSettings = {
				ALWAYS_EMBED_SWIFT_STANDARD_LIBRARIES = YES;
				CODE_SIGN_STYLE = Automatic;
				CURRENT_PROJECT_VERSION = 1;
				DEVELOPMENT_TEAM = DDGNDSD6WU;
				GENERATE_INFOPLIST_FILE = YES;
				MARKETING_VERSION = 1.0;
				PRODUCT_BUNDLE_IDENTIFIER = com.speedman.go.testgithubactionUITests;
				PRODUCT_NAME = "$(TARGET_NAME)";
				SWIFT_EMIT_LOC_STRINGS = NO;
				SWIFT_VERSION = 5.0;
				TARGETED_DEVICE_FAMILY = "1,2";
				TEST_TARGET_NAME = testgithubaction;
			};
			name = Release;
		};
/* End XCBuildConfiguration section */

/* Begin XCConfigurationList section */
		9AC3FA262DB0906000CDD061 /* Build configuration list for PBXProject "testgithubaction" */ = {
			isa = XCConfigurationList;
			buildConfigurations = (
				9AC3FA562DB0906200CDD061 /* Debug */,
				9AC3FA572DB0906200CDD061 /* Release */,
			);
			defaultConfigurationIsVisible = 0;
			defaultConfigurationName = Release;
		};
		9AC3FA582DB0906200CDD061 /* Build configuration list for PBXNativeTarget "testgithubaction" */ = {
			isa = XCConfigurationList;
			buildConfigurations = (
				9AC3FA592DB0906200CDD061 /* Debug */,
				9AC3FA5A2DB0906200CDD061 /* Release */,
			);
			defaultConfigurationIsVisible = 0;
			defaultConfigurationName = Release;
		};
		9AC3FA5B2DB0906200CDD061 /* Build configuration list for PBXNativeTarget "testgithubactionTests" */ = {
			isa = XCConfigurationList;
			buildConfigurations = (
				9AC3FA5C2DB0906200CDD061 /* Debug */,
				9AC3FA5D2DB0906200CDD061 /* Release */,
			);
			defaultConfigurationIsVisible = 0;
			defaultConfigurationName = Release;
		};
		9AC3FA5E2DB0906200CDD061 /* Build configuration list for PBXNativeTarget "testgithubactionUITests" */ = {
			isa = XCConfigurationList;
			buildConfigurations = (
				9AC3FA5F2DB0906200CDD061 /* Debug */,
				9AC3FA602DB0906200CDD061 /* Release */,
			);
			defaultConfigurationIsVisible = 0;
			defaultConfigurationName = Release;
		};
/* End XCConfigurationList section */

/* Begin XCVersionGroup section */
		9AC3FA372DB0906000CDD061 /* testgithubaction.xcdatamodeld */ = {
			isa = XCVersionGroup;
			children = (
				9AC3FA382DB0906000CDD061 /* testgithubaction.xcdatamodel */,
			);
			currentVersion = 9AC3FA382DB0906000CDD061 /* testgithubaction.xcdatamodel */;
			path = testgithubaction.xcdatamodeld;
			sourceTree = "<group>";
			versionGroupType = wrapper.xcdatamodel;
		};
/* End XCVersionGroup section */
	};
	rootObject = 9AC3FA232DB0906000CDD061 /* Project object */;
}
