PODS:
  - Ads-Global (5.8.0.8):
    - Ads-Global/BUAdSDK (= 5.8.0.8)
  - Ads-Global/BUAdSDK (5.8.0.8):
    - Ads-Global/BURelyAdSDK
    - Ads-Global/Dep_Accurate
  - Ads-Global/BUAdSDK_Compatible (5.8.0.8):
    - Ads-Global/BURelyAdSDK
    - Ads-Global/Dep_Compatible
  - Ads-Global/BURelyAdSDK (5.8.0.8)
  - Ads-Global/Dep_Accurate (5.8.0.8):
    - BURelyFoundation_Global/Pangle (= 0.2.1.4)
  - Ads-Global/Dep_Compatible (5.8.0.8):
    - BURelyFoundation_Global/Pangle (~> 0.2.1.4)
  - Alamofire (5.10.1)
  - AppLovinMediationByteDanceAdapter (5.8.0.8.1):
    - Ads-Global/BUAdSDK_Compatible (= 5.8.0.8)
    - AppLovinSDK
  - AppLovinMediationFacebookAdapter (6.15.0.0):
    - AppLovinSDK
    - FBAudienceNetwork (= 6.15.0)
  - AppLovinMediationMintegralAdapter (7.6.2.0.0):
    - AppLovinSDK
    - MintegralAdSDK (= 7.6.2)
    - MintegralAdSDK/BidSplashAd (= 7.6.2)
  - AppLovinMediationUnityAdsAdapter (4.10.0.0):
    - AppLovinSDK
    - UnityAds (= 4.10.0)
  - AppLovinMediationVerveAdapter (3.0.1.0):
    - AppLovinSDK
    - HyBid (= 3.0.1)
  - AppLovinMediationVungleAdapter (7.4.1.0):
    - AppLovinSDK
    - VungleAds (= 7.4.1)
  - AppLovinSDK (12.4.2)
  - BURelyFoundation_Global/AFNetworking (0.2.1.4)
  - BURelyFoundation_Global/APM (0.2.1.4)
  - BURelyFoundation_Global/Foundation (0.2.1.4):
    - BURelyFoundation_Global/NETWork
  - BURelyFoundation_Global/Gecko (0.2.1.4):
    - BURelyFoundation_Global/Foundation
  - BURelyFoundation_Global/Header (0.2.1.4)
  - BURelyFoundation_Global/NETWork (0.2.1.4):
    - BURelyFoundation_Global/AFNetworking
  - BURelyFoundation_Global/Pangle (0.2.1.4):
    - BURelyFoundation_Global/AFNetworking
    - BURelyFoundation_Global/APM
    - BURelyFoundation_Global/Foundation
    - BURelyFoundation_Global/Gecko
    - BURelyFoundation_Global/Header
    - BURelyFoundation_Global/NETWork
    - BURelyFoundation_Global/SDWebImage
    - BURelyFoundation_Global/YYModel
    - BURelyFoundation_Global/ZFPlayer
    - BURelyFoundation_Global/Zip
  - BURelyFoundation_Global/SDWebImage (0.2.1.4):
    - BURelyFoundation_Global/Foundation
  - BURelyFoundation_Global/YYModel (0.2.1.4)
  - BURelyFoundation_Global/ZFPlayer (0.2.1.4):
    - BURelyFoundation_Global/Foundation
    - BURelyFoundation_Global/Zip
  - BURelyFoundation_Global/Zip (0.2.1.4):
    - BURelyFoundation_Global/Foundation
  - FBAEMKit (17.0.3):
    - FBSDKCoreKit_Basics (= 17.0.3)
  - FBAudienceNetwork (6.15.0)
  - FBSDKCoreKit (17.0.3):
    - FBAEMKit (= 17.0.3)
    - FBSDKCoreKit_Basics (= 17.0.3)
  - FBSDKCoreKit_Basics (17.0.3)
  - FBSDKLoginKit (17.0.3):
    - FBSDKCoreKit (= 17.0.3)
  - FBSDKShareKit (17.0.3):
    - FBSDKCoreKit (= 17.0.3)
  - HandyJSON (5.0.2)
  - HBDNavigationBar (1.7.7)
  - HyBid (3.0.1):
    - HyBid/Banner (= 3.0.1)
    - HyBid/Core (= 3.0.1)
    - HyBid/FullScreen (= 3.0.1)
    - HyBid/Native (= 3.0.1)
    - HyBid/RewardedVideo (= 3.0.1)
  - HyBid/Banner (3.0.1):
    - HyBid/Core
  - HyBid/Core (3.0.1)
  - HyBid/FullScreen (3.0.1):
    - HyBid/Core
  - HyBid/Native (3.0.1):
    - HyBid/Core
  - HyBid/RewardedVideo (3.0.1):
    - HyBid/Core
  - MintegralAdSDK (7.6.2):
    - MintegralAdSDK/BannerAd (= 7.6.2)
    - MintegralAdSDK/BidBannerAd (= 7.6.2)
    - MintegralAdSDK/BidInterstitialVideoAd (= 7.6.2)
    - MintegralAdSDK/BidNativeAd (= 7.6.2)
    - MintegralAdSDK/BidNewInterstitialAd (= 7.6.2)
    - MintegralAdSDK/BidRewardVideoAd (= 7.6.2)
    - MintegralAdSDK/InterstitialVideoAd (= 7.6.2)
    - MintegralAdSDK/NativeAd (= 7.6.2)
    - MintegralAdSDK/NewInterstitialAd (= 7.6.2)
    - MintegralAdSDK/RewardVideoAd (= 7.6.2)
  - MintegralAdSDK/BannerAd (7.6.2):
    - MintegralAdSDK/NativeAd
  - MintegralAdSDK/BidBannerAd (7.6.2):
    - MintegralAdSDK/BannerAd
    - MintegralAdSDK/BidNativeAd
  - MintegralAdSDK/BidInterstitialVideoAd (7.6.2):
    - MintegralAdSDK/BidNativeAd
    - MintegralAdSDK/InterstitialVideoAd
  - MintegralAdSDK/BidNativeAd (7.6.2):
    - MintegralAdSDK/NativeAd
  - MintegralAdSDK/BidNewInterstitialAd (7.6.2):
    - MintegralAdSDK/BidNativeAd
    - MintegralAdSDK/NewInterstitialAd
  - MintegralAdSDK/BidRewardVideoAd (7.6.2):
    - MintegralAdSDK/BidNativeAd
    - MintegralAdSDK/RewardVideoAd
  - MintegralAdSDK/BidSplashAd (7.6.2):
    - MintegralAdSDK/BidNativeAd
    - MintegralAdSDK/SplashAd
  - MintegralAdSDK/InterstitialVideoAd (7.6.2):
    - MintegralAdSDK/NativeAd
  - MintegralAdSDK/NativeAd (7.6.2)
  - MintegralAdSDK/NewInterstitialAd (7.6.2):
    - MintegralAdSDK/InterstitialVideoAd
    - MintegralAdSDK/NativeAd
  - MintegralAdSDK/RewardVideoAd (7.6.2):
    - MintegralAdSDK/NativeAd
  - MintegralAdSDK/SplashAd (7.6.2):
    - MintegralAdSDK/NativeAd
  - Moya (15.0.0):
    - Moya/Core (= 15.0.0)
  - Moya/Core (15.0.0):
    - Alamofire (~> 5.0)
  - SnapKit (5.7.1)
  - SwiftyJSON (5.0.2)
  - Toast-Swift (5.1.1)
  - UnityAds (4.10.0)
  - VungleAds (7.4.1)

DEPENDENCIES:
  - Ads-Global (~> 5.8.0.8)
  - AppLovinMediationByteDanceAdapter (~> 5.8.0.8)
  - AppLovinMediationFacebookAdapter (~> 6.15.0.0)
  - AppLovinMediationMintegralAdapter (~> 7.6.2.0)
  - AppLovinMediationUnityAdsAdapter (~> 4.10.0.0)
  - AppLovinMediationVerveAdapter (~> 3.0.1.0)
  - AppLovinMediationVungleAdapter (~> 7.4.1.0)
  - AppLovinSDK (~> 12.4.1)
  - FBSDKLoginKit (~> 17.0.3)
  - FBSDKShareKit (~> 17.0.3)
  - HandyJSON
  - HBDNavigationBar (~> 1.7.5)
  - Moya
  - SnapKit
  - SwiftyJSON
  - Toast-Swift (~> 5.0)

SPEC REPOS:
  trunk:
    - Ads-Global
    - Alamofire
    - AppLovinMediationByteDanceAdapter
    - AppLovinMediationFacebookAdapter
    - AppLovinMediationMintegralAdapter
    - AppLovinMediationUnityAdsAdapter
    - AppLovinMediationVerveAdapter
    - AppLovinMediationVungleAdapter
    - AppLovinSDK
    - BURelyFoundation_Global
    - FBAEMKit
    - FBAudienceNetwork
    - FBSDKCoreKit
    - FBSDKCoreKit_Basics
    - FBSDKLoginKit
    - FBSDKShareKit
    - HandyJSON
    - HBDNavigationBar
    - HyBid
    - MintegralAdSDK
    - Moya
    - SnapKit
    - SwiftyJSON
    - Toast-Swift
    - UnityAds
    - VungleAds

SPEC CHECKSUMS:
  Ads-Global: b2f2943acdeedeae08aa9dce19706e1edbbd5442
  Alamofire: 840d2a1ad82355b536ec6ba5f97e5bfa54600ca3
  AppLovinMediationByteDanceAdapter: 27b8be075f7371bf2fd4637c4ee40debfb9ab4d8
  AppLovinMediationFacebookAdapter: 30ddfcb09c1c9ff6778ba974f58e8f3204e6eebc
  AppLovinMediationMintegralAdapter: fdafed44fa0b160cda17a923389f96b6c1169a05
  AppLovinMediationUnityAdsAdapter: d6d5bf488adce05684bf00e0845af49a96a1aadd
  AppLovinMediationVerveAdapter: 5cf0e06b923a5f833afe0a870fe4ef31fbbf916e
  AppLovinMediationVungleAdapter: 7f092e3527007637dfb90ba816aa6d96e208d319
  AppLovinSDK: 0d28d095238ec35cf1dc408ca2d983fb7a1803bb
  BURelyFoundation_Global: 17ed9cd58d138feefd8c0711dd3294766adcb28e
  FBAEMKit: 9900b2edd99a2d21629a6277e6166f14c6215799
  FBAudienceNetwork: 80a035aa69cc3a71c99e44cb5c2874e4cef9909f
  FBSDKCoreKit: 0791f8f68a8630931a4c12aa23a56cc021551596
  FBSDKCoreKit_Basics: 46d6b472c0dd0a5a7e972c025033d1c567f54eb4
  FBSDKLoginKit: b4a4eba1d62eb452544411824f41689adabd5bd2
  FBSDKShareKit: eb1169eafe3c06f881dc6deed2d7979585b16959
  HandyJSON: 9e4e236f5d2dbefad5155a77417bbea438201c03
  HBDNavigationBar: 6ba38b99637039c831ce460364d5398f29fa0685
  HyBid: 76a8a1c51a1a372dab1ea38648d2a55c2d752ad3
  MintegralAdSDK: 0f9b41d7d49d0e90cbe27cdcb62fc1208e25e85d
  Moya: 138f0573e53411fb3dc17016add0b748dfbd78ee
  SnapKit: d612e99e678a2d3b95bf60b0705ed0a35c03484a
  SwiftyJSON: f5b1bf1cd8dd53cd25887ac0eabcfd92301c6a5a
  Toast-Swift: 7a03a532afe3a560d4044bc7c237e2864d295173
  UnityAds: 5601f6397b0e02ed3ed6ee92827f5177a523aab6
  VungleAds: 97140121d0b909891eb217d1c102a194601da607

PODFILE CHECKSUM: ca0905482679b5d99d665bf7f2d88673b02576e0

COCOAPODS: 1.16.2
