PODS:
  - Ads-Global (5.8.0.8):
    - Ads-Global/BUAdSDK (= 5.8.0.8)
  - Ads-Global/BUAdSDK (5.8.0.8):
    - Ads-Global/BURelyAdSDK
    - Ads-Global/Dep_Accurate
  - Ads-Global/BUAdSDK_Compatible (5.8.0.8):
    - Ads-Global/BURelyAdSDK
    - Ads-Global/Dep_Compatible
  - Ads-Global/BURelyAdSDK (5.8.0.8)
  - Ads-Global/Dep_Accurate (5.8.0.8):
    - BURelyFoundation_Global/Pangle (= 0.2.1.4)
  - Ads-Global/Dep_Compatible (5.8.0.8):
    - BURelyFoundation_Global/Pangle (~> 0.2.1.4)
  - Alamofire (5.10.2)
  - AppLovinMediationByteDanceAdapter (5.8.0.8.1):
    - Ads-Global/BUAdSDK_Compatible (= 5.8.0.8)
    - AppLovinSDK
  - AppLovinMediationFacebookAdapter (6.15.0.0):
    - AppLovinSDK
    - FBAudienceNetwork (= 6.15.0)
  - AppLovinMediationMintegralAdapter (7.6.2.0.0):
    - AppLovinSDK
    - MintegralAdSDK (= 7.6.2)
    - MintegralAdSDK/BidSplashAd (= 7.6.2)
  - AppLovinMediationUnityAdsAdapter (4.10.0.0):
    - AppLovinSDK
    - UnityAds (= 4.10.0)
  - AppLovinSDK (12.4.2)
  - BURelyFoundation_Global/AFNetworking (0.2.1.4)
  - BURelyFoundation_Global/APM (0.2.1.4)
  - BURelyFoundation_Global/Foundation (0.2.1.4):
    - BURelyFoundation_Global/NETWork
  - BURelyFoundation_Global/Gecko (0.2.1.4):
    - BURelyFoundation_Global/Foundation
  - BURelyFoundation_Global/Header (0.2.1.4)
  - BURelyFoundation_Global/NETWork (0.2.1.4):
    - BURelyFoundation_Global/AFNetworking
  - BURelyFoundation_Global/Pangle (0.2.1.4):
    - BURelyFoundation_Global/AFNetworking
    - BURelyFoundation_Global/APM
    - BURelyFoundation_Global/Foundation
    - BURelyFoundation_Global/Gecko
    - BURelyFoundation_Global/Header
    - BURelyFoundation_Global/NETWork
    - BURelyFoundation_Global/SDWebImage
    - BURelyFoundation_Global/YYModel
    - BURelyFoundation_Global/ZFPlayer
    - BURelyFoundation_Global/Zip
  - BURelyFoundation_Global/SDWebImage (0.2.1.4):
    - BURelyFoundation_Global/Foundation
  - BURelyFoundation_Global/YYModel (0.2.1.4)
  - BURelyFoundation_Global/ZFPlayer (0.2.1.4):
    - BURelyFoundation_Global/Foundation
    - BURelyFoundation_Global/Zip
  - BURelyFoundation_Global/Zip (0.2.1.4):
    - BURelyFoundation_Global/Foundation
  - Differentiator (5.0.0)
  - FBAudienceNetwork (6.15.0)
  - Google-Mobile-Ads-SDK (11.1.0):
    - GoogleUserMessagingPlatform (>= 1.1)
  - GoogleUserMessagingPlatform (3.0.0)
  - GTMBase64 (1.0.1)
  - HandyJSON (5.0.2)
  - HBDNavigationBar (1.7.7)
  - Hue (5.0.0)
  - JSONModel (1.2.0)
  - MBProgressHUD (1.2.0)
  - MintegralAdSDK (7.6.2):
    - MintegralAdSDK/BannerAd (= 7.6.2)
    - MintegralAdSDK/BidBannerAd (= 7.6.2)
    - MintegralAdSDK/BidInterstitialVideoAd (= 7.6.2)
    - MintegralAdSDK/BidNativeAd (= 7.6.2)
    - MintegralAdSDK/BidNewInterstitialAd (= 7.6.2)
    - MintegralAdSDK/BidRewardVideoAd (= 7.6.2)
    - MintegralAdSDK/InterstitialVideoAd (= 7.6.2)
    - MintegralAdSDK/NativeAd (= 7.6.2)
    - MintegralAdSDK/NewInterstitialAd (= 7.6.2)
    - MintegralAdSDK/RewardVideoAd (= 7.6.2)
  - MintegralAdSDK/BannerAd (7.6.2):
    - MintegralAdSDK/NativeAd
  - MintegralAdSDK/BidBannerAd (7.6.2):
    - MintegralAdSDK/BannerAd
    - MintegralAdSDK/BidNativeAd
  - MintegralAdSDK/BidInterstitialVideoAd (7.6.2):
    - MintegralAdSDK/BidNativeAd
    - MintegralAdSDK/InterstitialVideoAd
  - MintegralAdSDK/BidNativeAd (7.6.2):
    - MintegralAdSDK/NativeAd
  - MintegralAdSDK/BidNewInterstitialAd (7.6.2):
    - MintegralAdSDK/BidNativeAd
    - MintegralAdSDK/NewInterstitialAd
  - MintegralAdSDK/BidRewardVideoAd (7.6.2):
    - MintegralAdSDK/BidNativeAd
    - MintegralAdSDK/RewardVideoAd
  - MintegralAdSDK/BidSplashAd (7.6.2):
    - MintegralAdSDK/BidNativeAd
    - MintegralAdSDK/SplashAd
  - MintegralAdSDK/InterstitialVideoAd (7.6.2):
    - MintegralAdSDK/NativeAd
  - MintegralAdSDK/NativeAd (7.6.2)
  - MintegralAdSDK/NewInterstitialAd (7.6.2):
    - MintegralAdSDK/InterstitialVideoAd
    - MintegralAdSDK/NativeAd
  - MintegralAdSDK/RewardVideoAd (7.6.2):
    - MintegralAdSDK/NativeAd
  - MintegralAdSDK/SplashAd (7.6.2):
    - MintegralAdSDK/NativeAd
  - Moya (15.0.0):
    - Moya/Core (= 15.0.0)
  - Moya/Core (15.0.0):
    - Alamofire (~> 5.0)
  - "NSObject+Rx (5.2.2)":
    - RxSwift (~> 6.2)
  - RxCocoa (6.9.0):
    - RxRelay (= 6.9.0)
    - RxSwift (= 6.9.0)
  - RxDataSources (5.0.0):
    - Differentiator (~> 5.0)
    - RxCocoa (~> 6.0)
    - RxSwift (~> 6.0)
  - RxGesture (4.0.4):
    - RxCocoa (~> 6.0)
    - RxSwift (~> 6.0)
  - RxRelay (6.9.0):
    - RxSwift (= 6.9.0)
  - RxSwift (6.9.0)
  - RxSwiftExt (6.2.1):
    - RxSwiftExt/Core (= 6.2.1)
    - RxSwiftExt/RxCocoa (= 6.2.1)
  - RxSwiftExt/Core (6.2.1):
    - RxSwift (~> 6.0)
  - RxSwiftExt/RxCocoa (6.2.1):
    - RxCocoa (~> 6.0)
    - RxSwiftExt/Core
  - SnapKit (5.7.1)
  - SwifterSwift (5.2.0):
    - SwifterSwift/AppKit (= 5.2.0)
    - SwifterSwift/CoreAnimation (= 5.2.0)
    - SwifterSwift/CoreGraphics (= 5.2.0)
    - SwifterSwift/CoreLocation (= 5.2.0)
    - SwifterSwift/Dispatch (= 5.2.0)
    - SwifterSwift/Foundation (= 5.2.0)
    - SwifterSwift/MapKit (= 5.2.0)
    - SwifterSwift/SceneKit (= 5.2.0)
    - SwifterSwift/SpriteKit (= 5.2.0)
    - SwifterSwift/StoreKit (= 5.2.0)
    - SwifterSwift/SwiftStdlib (= 5.2.0)
    - SwifterSwift/UIKit (= 5.2.0)
  - SwifterSwift/AppKit (5.2.0)
  - SwifterSwift/CoreAnimation (5.2.0)
  - SwifterSwift/CoreGraphics (5.2.0)
  - SwifterSwift/CoreLocation (5.2.0)
  - SwifterSwift/Dispatch (5.2.0)
  - SwifterSwift/Foundation (5.2.0)
  - SwifterSwift/MapKit (5.2.0)
  - SwifterSwift/SceneKit (5.2.0)
  - SwifterSwift/SpriteKit (5.2.0)
  - SwifterSwift/StoreKit (5.2.0)
  - SwifterSwift/SwiftStdlib (5.2.0)
  - SwifterSwift/UIKit (5.2.0)
  - SwiftyJSON (5.0.2)
  - Toast-Swift (5.1.1)
  - UnityAds (4.10.0)

DEPENDENCIES:
  - Ads-Global (~> 5.8.0.8)
  - AppLovinMediationByteDanceAdapter (~> 5.8.0.8)
  - AppLovinMediationFacebookAdapter (~> 6.15.0.0)
  - AppLovinMediationMintegralAdapter (~> 7.6.2.0)
  - AppLovinMediationUnityAdsAdapter (~> 4.10.0.0)
  - AppLovinSDK (~> 12.4.1)
  - Google-Mobile-Ads-SDK (~> 11.1.0)
  - GTMBase64
  - HandyJSON
  - HBDNavigationBar (~> 1.7.5)
  - Hue
  - JSONModel (~> 1.2.0)
  - MBProgressHUD
  - Moya
  - "NSObject+Rx (~> 5.0)"
  - RxCocoa
  - RxDataSources
  - RxGesture
  - RxSwift
  - RxSwiftExt
  - SnapKit
  - SwifterSwift (~> 5.0)
  - SwiftyJSON
  - Toast-Swift (~> 5.0)

SPEC REPOS:
  trunk:
    - Ads-Global
    - Alamofire
    - AppLovinMediationByteDanceAdapter
    - AppLovinMediationFacebookAdapter
    - AppLovinMediationMintegralAdapter
    - AppLovinMediationUnityAdsAdapter
    - AppLovinSDK
    - BURelyFoundation_Global
    - Differentiator
    - FBAudienceNetwork
    - Google-Mobile-Ads-SDK
    - GoogleUserMessagingPlatform
    - GTMBase64
    - HandyJSON
    - HBDNavigationBar
    - Hue
    - JSONModel
    - MBProgressHUD
    - MintegralAdSDK
    - Moya
    - "NSObject+Rx"
    - RxCocoa
    - RxDataSources
    - RxGesture
    - RxRelay
    - RxSwift
    - RxSwiftExt
    - SnapKit
    - SwifterSwift
    - SwiftyJSON
    - Toast-Swift
    - UnityAds

SPEC CHECKSUMS:
  Ads-Global: b2f2943acdeedeae08aa9dce19706e1edbbd5442
  Alamofire: 7193b3b92c74a07f85569e1a6c4f4237291e7496
  AppLovinMediationByteDanceAdapter: 27b8be075f7371bf2fd4637c4ee40debfb9ab4d8
  AppLovinMediationFacebookAdapter: 30ddfcb09c1c9ff6778ba974f58e8f3204e6eebc
  AppLovinMediationMintegralAdapter: fdafed44fa0b160cda17a923389f96b6c1169a05
  AppLovinMediationUnityAdsAdapter: d6d5bf488adce05684bf00e0845af49a96a1aadd
  AppLovinSDK: 0d28d095238ec35cf1dc408ca2d983fb7a1803bb
  BURelyFoundation_Global: 17ed9cd58d138feefd8c0711dd3294766adcb28e
  Differentiator: e8497ceab83c1b10ca233716d547b9af21b9344d
  FBAudienceNetwork: 80a035aa69cc3a71c99e44cb5c2874e4cef9909f
  Google-Mobile-Ads-SDK: 4a1f2ccef63660f9a74efc6a6ea979483d421aaa
  GoogleUserMessagingPlatform: f8d0cdad3ca835406755d0a69aa634f00e76d576
  GTMBase64: f0f91be06a7a20b84c8e4fee30c0430395091d82
  HandyJSON: 9e4e236f5d2dbefad5155a77417bbea438201c03
  HBDNavigationBar: 6ba38b99637039c831ce460364d5398f29fa0685
  Hue: c129cb67be7d093a82bbbc30ce8a96757bf6f37a
  JSONModel: 12523685c4b623553ccf844bbbf7007624317b2c
  MBProgressHUD: 3ee5efcc380f6a79a7cc9b363dd669c5e1ae7406
  MintegralAdSDK: 0f9b41d7d49d0e90cbe27cdcb62fc1208e25e85d
  Moya: 138f0573e53411fb3dc17016add0b748dfbd78ee
  "NSObject+Rx": 61cf1f7306a73dcef8b36649198af0813ec18dfd
  RxCocoa: ac16414696ae706516be3e1ab00fcce5bdc9be8a
  RxDataSources: aa47cc1ed6c500fa0dfecac5c979b723542d79cf
  RxGesture: f3efb47ed2d26a8082f7b660d4a59970e275a7f8
  RxRelay: 6b0c930e5cef57d5fe2032571e5e65b78e3cbdb1
  RxSwift: 31649ace6aceeb422e16ff71c60804f9c3281ed9
  RxSwiftExt: 43aaacb6a4d3c69c55e9d1cf4f79920043d13583
  SnapKit: d612e99e678a2d3b95bf60b0705ed0a35c03484a
  SwifterSwift: 334181863c416882d97b7a60c05054d9e4d799e2
  SwiftyJSON: f5b1bf1cd8dd53cd25887ac0eabcfd92301c6a5a
  Toast-Swift: 7a03a532afe3a560d4044bc7c237e2864d295173
  UnityAds: 5601f6397b0e02ed3ed6ee92827f5177a523aab6

PODFILE CHECKSUM: 78e827c6d0516988f7764bb8910242e831dc0788

COCOAPODS: 1.16.2
